
Microsoft Visual Studio Solution File, Format Version 12.00
# Visual Studio Version 17
VisualStudioVersion = 17.9.34728.123
MinimumVisualStudioVersion = 10.0.40219.1
Project("{9A19103F-16F7-4668-BE54-9A1E7A4F7556}") = "SeccionApi", "SeccionApi\SeccionApi.csproj", "{39B8EB03-15D6-4D4C-99DF-E563D3736078}"
EndProject
Project("{9A19103F-16F7-4668-BE54-9A1E7A4F7556}") = "Core", "Core\Core.csproj", "{2F2C23AD-C2F1-4009-A9D2-540FC986D9A7}"
EndProject
Project("{9A19103F-16F7-4668-BE54-9A1E7A4F7556}") = "Business", "Business\Business.csproj", "{2C730399-BD51-4401-B7E9-EE141B7A5E05}"
EndProject
Project("{FAE04EC0-301F-11D3-BF4B-00C04F79EFBC}") = "Infrastructure", "Infrastructure\Infrastructure.csproj", "{FE05568B-E214-4A28-9892-DEFA0D292958}"
EndProject
Global
	GlobalSection(SolutionConfigurationPlatforms) = preSolution
		Debug|Any CPU = Debug|Any CPU
		Release|Any CPU = Release|Any CPU
	EndGlobalSection
	GlobalSection(ProjectConfigurationPlatforms) = postSolution
		{39B8EB03-15D6-4D4C-99DF-E563D3736078}.Debug|Any CPU.ActiveCfg = Debug|Any CPU
		{39B8EB03-15D6-4D4C-99DF-E563D3736078}.Debug|Any CPU.Build.0 = Debug|Any CPU
		{39B8EB03-15D6-4D4C-99DF-E563D3736078}.Release|Any CPU.ActiveCfg = Release|Any CPU
		{39B8EB03-15D6-4D4C-99DF-E563D3736078}.Release|Any CPU.Build.0 = Release|Any CPU
		{2F2C23AD-C2F1-4009-A9D2-540FC986D9A7}.Debug|Any CPU.ActiveCfg = Debug|Any CPU
		{2F2C23AD-C2F1-4009-A9D2-540FC986D9A7}.Debug|Any CPU.Build.0 = Debug|Any CPU
		{2F2C23AD-C2F1-4009-A9D2-540FC986D9A7}.Release|Any CPU.ActiveCfg = Release|Any CPU
		{2F2C23AD-C2F1-4009-A9D2-540FC986D9A7}.Release|Any CPU.Build.0 = Release|Any CPU
		{2C730399-BD51-4401-B7E9-EE141B7A5E05}.Debug|Any CPU.ActiveCfg = Debug|Any CPU
		{2C730399-BD51-4401-B7E9-EE141B7A5E05}.Debug|Any CPU.Build.0 = Debug|Any CPU
		{2C730399-BD51-4401-B7E9-EE141B7A5E05}.Release|Any CPU.ActiveCfg = Release|Any CPU
		{2C730399-BD51-4401-B7E9-EE141B7A5E05}.Release|Any CPU.Build.0 = Release|Any CPU
		{FE05568B-E214-4A28-9892-DEFA0D292958}.Debug|Any CPU.ActiveCfg = Debug|Any CPU
		{FE05568B-E214-4A28-9892-DEFA0D292958}.Debug|Any CPU.Build.0 = Debug|Any CPU
		{FE05568B-E214-4A28-9892-DEFA0D292958}.Release|Any CPU.ActiveCfg = Release|Any CPU
		{FE05568B-E214-4A28-9892-DEFA0D292958}.Release|Any CPU.Build.0 = Release|Any CPU
	EndGlobalSection
	GlobalSection(SolutionProperties) = preSolution
		HideSolutionNode = FALSE
	EndGlobalSection
	GlobalSection(ExtensibilityGlobals) = postSolution
		SolutionGuid = {60BE43AC-6D62-40DB-8CF1-9000CA7B5161}
	EndGlobalSection
EndGlobal
